
Microsoft Visual Studio Solution File, Format Version 12.00
# Visual Studio Version 16
VisualStudioVersion = 16.0.808.7
MinimumVisualStudioVersion = 10.0.40219.1
Project("{FAE04EC0-301F-11D3-BF4B-00C04F79EFBC}") = "API_03", "API_03\API_03.csproj", "{72AA68D9-A18E-45B1-AB99-CF78A65B785E}"
EndProject
Global
	GlobalSection(SolutionConfigurationPlatforms) = preSolution
		Debug|Any CPU = Debug|Any CPU
		Release|Any CPU = Release|Any CPU
	EndGlobalSection
	GlobalSection(ProjectConfigurationPlatforms) = postSolution
		{72AA68D9-A18E-45B1-AB99-CF78A65B785E}.Debug|Any CPU.ActiveCfg = Debug|Any CPU
		{72AA68D9-A18E-45B1-AB99-CF78A65B785E}.Debug|Any CPU.Build.0 = Debug|Any CPU
		{72AA68D9-A18E-45B1-AB99-CF78A65B785E}.Release|Any CPU.ActiveCfg = Release|Any CPU
		{72AA68D9-A18E-45B1-AB99-CF78A65B785E}.Release|Any CPU.Build.0 = Release|Any CPU
	EndGlobalSection
	GlobalSection(SolutionProperties) = preSolution
		HideSolutionNode = FALSE
	EndGlobalSection
	GlobalSection(ExtensibilityGlobals) = postSolution
		SolutionGuid = {21FE7379-3F38-4743-B093-2E448EA0BA8B}
	EndGlobalSection
EndGlobal
